
Microsoft Visual Studio Solution File, Format Version 12.00
# Visual Studio Express 15 for Windows Desktop
VisualStudioVersion = 15.0.27428.2037
MinimumVisualStudioVersion = 10.0.40219.1
Project("{F184B08F-C81C-45F6-A57F-5ABD9991F28F}") = "Naplózó", "Naplózó\Naplózó.vbproj", "{92EE6370-86FF-456A-A40E-F00556928E8E}"
EndProject
Global
	GlobalSection(SolutionConfigurationPlatforms) = preSolution
		Debug|Any CPU = Debug|Any CPU
		Release|Any CPU = Release|Any CPU
	EndGlobalSection
	GlobalSection(ProjectConfigurationPlatforms) = postSolution
		{92EE6370-86FF-456A-A40E-F00556928E8E}.Debug|Any CPU.ActiveCfg = Debug|Any CPU
		{92EE6370-86FF-456A-A40E-F00556928E8E}.Debug|Any CPU.Build.0 = Debug|Any CPU
		{92EE6370-86FF-456A-A40E-F00556928E8E}.Release|Any CPU.ActiveCfg = Release|Any CPU
		{92EE6370-86FF-456A-A40E-F00556928E8E}.Release|Any CPU.Build.0 = Release|Any CPU
	EndGlobalSection
	GlobalSection(SolutionProperties) = preSolution
		HideSolutionNode = FALSE
	EndGlobalSection
	GlobalSection(ExtensibilityGlobals) = postSolution
		SolutionGuid = {D9C54E23-726D-4384-ADB5-56DB1D48EEAE}
	EndGlobalSection
EndGlobal
