
Microsoft Visual Studio Solution File, Format Version 12.00
# Visual Studio Express 15 for Windows Desktop
VisualStudioVersion = 15.0.27428.2037
MinimumVisualStudioVersion = 10.0.40219.1
Project("{F184B08F-C81C-45F6-A57F-5ABD9991F28F}") = "Névcsere", "Névcsere\Névcsere.vbproj", "{A66409B8-7B76-48A8-AC80-6C8FAB8FC857}"
EndProject
Global
	GlobalSection(SolutionConfigurationPlatforms) = preSolution
		Debug|Any CPU = Debug|Any CPU
		Release|Any CPU = Release|Any CPU
	EndGlobalSection
	GlobalSection(ProjectConfigurationPlatforms) = postSolution
		{A66409B8-7B76-48A8-AC80-6C8FAB8FC857}.Debug|Any CPU.ActiveCfg = Debug|Any CPU
		{A66409B8-7B76-48A8-AC80-6C8FAB8FC857}.Debug|Any CPU.Build.0 = Debug|Any CPU
		{A66409B8-7B76-48A8-AC80-6C8FAB8FC857}.Release|Any CPU.ActiveCfg = Release|Any CPU
		{A66409B8-7B76-48A8-AC80-6C8FAB8FC857}.Release|Any CPU.Build.0 = Release|Any CPU
	EndGlobalSection
	GlobalSection(SolutionProperties) = preSolution
		HideSolutionNode = FALSE
	EndGlobalSection
	GlobalSection(ExtensibilityGlobals) = postSolution
		SolutionGuid = {CB9E907F-23BC-40A4-9F18-567DD9F70063}
	EndGlobalSection
EndGlobal
