
Microsoft Visual Studio Solution File, Format Version 12.00
# Visual Studio Express 15 for Windows Desktop
VisualStudioVersion = 15.0.27703.2000
MinimumVisualStudioVersion = 10.0.40219.1
Project("{FAE04EC0-301F-11D3-BF4B-00C04F79EFBC}") = "NulladikCs", "NulladikCs\NulladikCs.csproj", "{F519990C-1106-4BD8-8686-FAE515C8D7C9}"
EndProject
Global
	GlobalSection(SolutionConfigurationPlatforms) = preSolution
		Debug|Any CPU = Debug|Any CPU
		Release|Any CPU = Release|Any CPU
	EndGlobalSection
	GlobalSection(ProjectConfigurationPlatforms) = postSolution
		{F519990C-1106-4BD8-8686-FAE515C8D7C9}.Debug|Any CPU.ActiveCfg = Debug|Any CPU
		{F519990C-1106-4BD8-8686-FAE515C8D7C9}.Debug|Any CPU.Build.0 = Debug|Any CPU
		{F519990C-1106-4BD8-8686-FAE515C8D7C9}.Release|Any CPU.ActiveCfg = Release|Any CPU
		{F519990C-1106-4BD8-8686-FAE515C8D7C9}.Release|Any CPU.Build.0 = Release|Any CPU
	EndGlobalSection
	GlobalSection(SolutionProperties) = preSolution
		HideSolutionNode = FALSE
	EndGlobalSection
	GlobalSection(ExtensibilityGlobals) = postSolution
		SolutionGuid = {D45B6543-84DA-4FAA-BD7A-D6DAC8272242}
	EndGlobalSection
EndGlobal
