
Microsoft Visual Studio Solution File, Format Version 12.00
# Visual Studio Express 15 for Windows Desktop
VisualStudioVersion = 15.0.27428.2037
MinimumVisualStudioVersion = 10.0.40219.1
Project("{F184B08F-C81C-45F6-A57F-5ABD9991F28F}") = "HslToRgb", "HslToRgb\HslToRgb.vbproj", "{24784A07-3EA7-4514-BB2E-A77BF016E9A0}"
EndProject
Global
	GlobalSection(SolutionConfigurationPlatforms) = preSolution
		Debug|Any CPU = Debug|Any CPU
		Release|Any CPU = Release|Any CPU
	EndGlobalSection
	GlobalSection(ProjectConfigurationPlatforms) = postSolution
		{24784A07-3EA7-4514-BB2E-A77BF016E9A0}.Debug|Any CPU.ActiveCfg = Debug|Any CPU
		{24784A07-3EA7-4514-BB2E-A77BF016E9A0}.Debug|Any CPU.Build.0 = Debug|Any CPU
		{24784A07-3EA7-4514-BB2E-A77BF016E9A0}.Release|Any CPU.ActiveCfg = Release|Any CPU
		{24784A07-3EA7-4514-BB2E-A77BF016E9A0}.Release|Any CPU.Build.0 = Release|Any CPU
	EndGlobalSection
	GlobalSection(SolutionProperties) = preSolution
		HideSolutionNode = FALSE
	EndGlobalSection
	GlobalSection(ExtensibilityGlobals) = postSolution
		SolutionGuid = {03EF4D66-EC01-4F70-92F5-198A0526C3C4}
	EndGlobalSection
EndGlobal
