
Microsoft Visual Studio Solution File, Format Version 12.00
# Visual Studio Express 15 for Windows Desktop
VisualStudioVersion = 15.0.27428.2037
MinimumVisualStudioVersion = 10.0.40219.1
Project("{F184B08F-C81C-45F6-A57F-5ABD9991F28F}") = "Csere", "Csere\Csere.vbproj", "{B6656332-FB28-4700-8073-9F8E2BCAF4B0}"
EndProject
Global
	GlobalSection(SolutionConfigurationPlatforms) = preSolution
		Debug|Any CPU = Debug|Any CPU
		Release|Any CPU = Release|Any CPU
	EndGlobalSection
	GlobalSection(ProjectConfigurationPlatforms) = postSolution
		{B6656332-FB28-4700-8073-9F8E2BCAF4B0}.Debug|Any CPU.ActiveCfg = Debug|Any CPU
		{B6656332-FB28-4700-8073-9F8E2BCAF4B0}.Debug|Any CPU.Build.0 = Debug|Any CPU
		{B6656332-FB28-4700-8073-9F8E2BCAF4B0}.Release|Any CPU.ActiveCfg = Release|Any CPU
		{B6656332-FB28-4700-8073-9F8E2BCAF4B0}.Release|Any CPU.Build.0 = Release|Any CPU
	EndGlobalSection
	GlobalSection(SolutionProperties) = preSolution
		HideSolutionNode = FALSE
	EndGlobalSection
	GlobalSection(ExtensibilityGlobals) = postSolution
		SolutionGuid = {A5647E66-69FF-48ED-AFEA-01E982730A8E}
	EndGlobalSection
EndGlobal
